
Microsoft Visual Studio Solution File, Format Version 12.00
# Visual Studio Version 17
VisualStudioVersion = 17.10.34928.147
MinimumVisualStudioVersion = 10.0.40219.1
Project("{9A19103F-16F7-4668-BE54-9A1E7A4F7556}") = "PortalGalaxy.Client", "PortalGalaxy.Client\PortalGalaxy.Client.csproj", "{F481F7B1-7B34-4CD4-851A-00B45420B5F0}"
EndProject
Project("{2150E333-8FDC-42A3-9474-1A3956D46DE8}") = "01. Frontend", "01. Frontend", "{B9709011-A164-471C-A299-96B93A5D5E13}"
	ProjectSection(SolutionItems) = preProject
		..\..\.gitignore = ..\..\.gitignore
	EndProjectSection
EndProject
Project("{2150E333-8FDC-42A3-9474-1A3956D46DE8}") = "02. Backend", "02. Backend", "{FC854F70-914A-46D0-944A-CFFF359EECA2}"
EndProject
Project("{2150E333-8FDC-42A3-9474-1A3956D46DE8}") = "01. Entidades", "01. Entidades", "{40E4965E-A64B-42CF-8D96-245A109FAA1A}"
EndProject
Project("{2150E333-8FDC-42A3-9474-1A3956D46DE8}") = "02. Acceso a Datos", "02. Acceso a Datos", "{DD4AFD1E-0F94-4021-A2E0-7D3DAC20D055}"
EndProject
Project("{2150E333-8FDC-42A3-9474-1A3956D46DE8}") = "03. Logica de Negocio", "03. Logica de Negocio", "{71DB0D03-C7B3-4880-AE35-C9226405B3D5}"
EndProject
Project("{2150E333-8FDC-42A3-9474-1A3956D46DE8}") = "04. API REST", "04. API REST", "{B09ABE19-024D-44AF-9A80-04B3EC4C26A5}"
EndProject
Project("{2150E333-8FDC-42A3-9474-1A3956D46DE8}") = "05. Pruebas Unitarias", "05. Pruebas Unitarias", "{D9DB3E27-4A79-46E6-9E57-B489A72AC459}"
EndProject
Project("{2150E333-8FDC-42A3-9474-1A3956D46DE8}") = "03. Compartidos", "03. Compartidos", "{513F71FC-BFC1-4CCE-A881-308CBEBF42D5}"
EndProject
Project("{9A19103F-16F7-4668-BE54-9A1E7A4F7556}") = "PortalGalaxy.Shared", "PortalGalaxy.Shared\PortalGalaxy.Shared.csproj", "{CFA4DE60-130E-45D9-940F-C9B9154FE72A}"
EndProject
Project("{9A19103F-16F7-4668-BE54-9A1E7A4F7556}") = "PortalGalaxy.Entities", "PortalGalaxy.Entities\PortalGalaxy.Entities.csproj", "{BCF78F0A-217F-4291-9F54-57EDDBEAFF4B}"
EndProject
Project("{9A19103F-16F7-4668-BE54-9A1E7A4F7556}") = "PortalGalaxy.DataAccess", "PortalGalaxy.DataAccess\PortalGalaxy.DataAccess.csproj", "{A4BB8DFA-0327-42DE-B8DB-713B9807774E}"
EndProject
Project("{9A19103F-16F7-4668-BE54-9A1E7A4F7556}") = "PortalGalaxy.Services", "PortalGalaxy.Services\PortalGalaxy.Services.csproj", "{6D5ACFB3-E99C-46DB-87A6-D2DFB490C6F3}"
EndProject
Project("{9A19103F-16F7-4668-BE54-9A1E7A4F7556}") = "PortalGalaxy.Repositories", "PortalGalaxy.Repositories\PortalGalaxy.Repositories.csproj", "{2A962D9C-A9DB-4DFF-B7D7-E7BC92B3196E}"
EndProject
Project("{9A19103F-16F7-4668-BE54-9A1E7A4F7556}") = "PortalGalaxy.Server", "PortalGalaxy.Server\PortalGalaxy.Server.csproj", "{7B39BA62-793D-42B3-9B60-1E13D220B088}"
EndProject
Project("{9A19103F-16F7-4668-BE54-9A1E7A4F7556}") = "PortalGalaxy.UnitTests", "PortalGalaxy.UnitTests\PortalGalaxy.UnitTests.csproj", "{A37AEB2B-D19A-4A39-8547-D92CFF38AAF0}"
EndProject
Global
	GlobalSection(SolutionConfigurationPlatforms) = preSolution
		Debug|Any CPU = Debug|Any CPU
		Release|Any CPU = Release|Any CPU
	EndGlobalSection
	GlobalSection(ProjectConfigurationPlatforms) = postSolution
		{F481F7B1-7B34-4CD4-851A-00B45420B5F0}.Debug|Any CPU.ActiveCfg = Debug|Any CPU
		{F481F7B1-7B34-4CD4-851A-00B45420B5F0}.Debug|Any CPU.Build.0 = Debug|Any CPU
		{F481F7B1-7B34-4CD4-851A-00B45420B5F0}.Release|Any CPU.ActiveCfg = Release|Any CPU
		{F481F7B1-7B34-4CD4-851A-00B45420B5F0}.Release|Any CPU.Build.0 = Release|Any CPU
		{CFA4DE60-130E-45D9-940F-C9B9154FE72A}.Debug|Any CPU.ActiveCfg = Debug|Any CPU
		{CFA4DE60-130E-45D9-940F-C9B9154FE72A}.Debug|Any CPU.Build.0 = Debug|Any CPU
		{CFA4DE60-130E-45D9-940F-C9B9154FE72A}.Release|Any CPU.ActiveCfg = Release|Any CPU
		{CFA4DE60-130E-45D9-940F-C9B9154FE72A}.Release|Any CPU.Build.0 = Release|Any CPU
		{BCF78F0A-217F-4291-9F54-57EDDBEAFF4B}.Debug|Any CPU.ActiveCfg = Debug|Any CPU
		{BCF78F0A-217F-4291-9F54-57EDDBEAFF4B}.Debug|Any CPU.Build.0 = Debug|Any CPU
		{BCF78F0A-217F-4291-9F54-57EDDBEAFF4B}.Release|Any CPU.ActiveCfg = Release|Any CPU
		{BCF78F0A-217F-4291-9F54-57EDDBEAFF4B}.Release|Any CPU.Build.0 = Release|Any CPU
		{A4BB8DFA-0327-42DE-B8DB-713B9807774E}.Debug|Any CPU.ActiveCfg = Debug|Any CPU
		{A4BB8DFA-0327-42DE-B8DB-713B9807774E}.Debug|Any CPU.Build.0 = Debug|Any CPU
		{A4BB8DFA-0327-42DE-B8DB-713B9807774E}.Release|Any CPU.ActiveCfg = Release|Any CPU
		{A4BB8DFA-0327-42DE-B8DB-713B9807774E}.Release|Any CPU.Build.0 = Release|Any CPU
		{6D5ACFB3-E99C-46DB-87A6-D2DFB490C6F3}.Debug|Any CPU.ActiveCfg = Debug|Any CPU
		{6D5ACFB3-E99C-46DB-87A6-D2DFB490C6F3}.Debug|Any CPU.Build.0 = Debug|Any CPU
		{6D5ACFB3-E99C-46DB-87A6-D2DFB490C6F3}.Release|Any CPU.ActiveCfg = Release|Any CPU
		{6D5ACFB3-E99C-46DB-87A6-D2DFB490C6F3}.Release|Any CPU.Build.0 = Release|Any CPU
		{2A962D9C-A9DB-4DFF-B7D7-E7BC92B3196E}.Debug|Any CPU.ActiveCfg = Debug|Any CPU
		{2A962D9C-A9DB-4DFF-B7D7-E7BC92B3196E}.Debug|Any CPU.Build.0 = Debug|Any CPU
		{2A962D9C-A9DB-4DFF-B7D7-E7BC92B3196E}.Release|Any CPU.ActiveCfg = Release|Any CPU
		{2A962D9C-A9DB-4DFF-B7D7-E7BC92B3196E}.Release|Any CPU.Build.0 = Release|Any CPU
		{7B39BA62-793D-42B3-9B60-1E13D220B088}.Debug|Any CPU.ActiveCfg = Debug|Any CPU
		{7B39BA62-793D-42B3-9B60-1E13D220B088}.Debug|Any CPU.Build.0 = Debug|Any CPU
		{7B39BA62-793D-42B3-9B60-1E13D220B088}.Release|Any CPU.ActiveCfg = Release|Any CPU
		{7B39BA62-793D-42B3-9B60-1E13D220B088}.Release|Any CPU.Build.0 = Release|Any CPU
		{A37AEB2B-D19A-4A39-8547-D92CFF38AAF0}.Debug|Any CPU.ActiveCfg = Debug|Any CPU
		{A37AEB2B-D19A-4A39-8547-D92CFF38AAF0}.Debug|Any CPU.Build.0 = Debug|Any CPU
		{A37AEB2B-D19A-4A39-8547-D92CFF38AAF0}.Release|Any CPU.ActiveCfg = Release|Any CPU
		{A37AEB2B-D19A-4A39-8547-D92CFF38AAF0}.Release|Any CPU.Build.0 = Release|Any CPU
	EndGlobalSection
	GlobalSection(SolutionProperties) = preSolution
		HideSolutionNode = FALSE
	EndGlobalSection
	GlobalSection(NestedProjects) = preSolution
		{F481F7B1-7B34-4CD4-851A-00B45420B5F0} = {B9709011-A164-471C-A299-96B93A5D5E13}
		{40E4965E-A64B-42CF-8D96-245A109FAA1A} = {FC854F70-914A-46D0-944A-CFFF359EECA2}
		{DD4AFD1E-0F94-4021-A2E0-7D3DAC20D055} = {FC854F70-914A-46D0-944A-CFFF359EECA2}
		{71DB0D03-C7B3-4880-AE35-C9226405B3D5} = {FC854F70-914A-46D0-944A-CFFF359EECA2}
		{B09ABE19-024D-44AF-9A80-04B3EC4C26A5} = {FC854F70-914A-46D0-944A-CFFF359EECA2}
		{D9DB3E27-4A79-46E6-9E57-B489A72AC459} = {FC854F70-914A-46D0-944A-CFFF359EECA2}
		{CFA4DE60-130E-45D9-940F-C9B9154FE72A} = {513F71FC-BFC1-4CCE-A881-308CBEBF42D5}
		{BCF78F0A-217F-4291-9F54-57EDDBEAFF4B} = {40E4965E-A64B-42CF-8D96-245A109FAA1A}
		{A4BB8DFA-0327-42DE-B8DB-713B9807774E} = {DD4AFD1E-0F94-4021-A2E0-7D3DAC20D055}
		{6D5ACFB3-E99C-46DB-87A6-D2DFB490C6F3} = {71DB0D03-C7B3-4880-AE35-C9226405B3D5}
		{2A962D9C-A9DB-4DFF-B7D7-E7BC92B3196E} = {DD4AFD1E-0F94-4021-A2E0-7D3DAC20D055}
		{7B39BA62-793D-42B3-9B60-1E13D220B088} = {B09ABE19-024D-44AF-9A80-04B3EC4C26A5}
		{A37AEB2B-D19A-4A39-8547-D92CFF38AAF0} = {D9DB3E27-4A79-46E6-9E57-B489A72AC459}
	EndGlobalSection
	GlobalSection(ExtensibilityGlobals) = postSolution
		SolutionGuid = {A836CD3A-AB3A-4234-A3B0-79B9BC588192}
	EndGlobalSection
EndGlobal
